
Microsoft Visual Studio Solution File, Format Version 12.00
# Visual Studio Version 17
VisualStudioVersion = 17.7.34018.315
MinimumVisualStudioVersion = 10.0.40219.1
Project("{FAE04EC0-301F-11D3-BF4B-00C04F79EFBC}") = "MSistemaAsistencia", "MSistemaAsistencia\MSistemaAsistencia.csproj", "{41485065-5DE1-4E76-B24A-96B4AF66F8B2}"
EndProject
Project("{FAE04EC0-301F-11D3-BF4B-00C04F79EFBC}") = "Prj_Capa_Datos", "Prj_Capa_Datos\Prj_Capa_Datos.csproj", "{D6BBCA5A-BF48-405F-BC0E-CD93EC2E4768}"
EndProject
Project("{FAE04EC0-301F-11D3-BF4B-00C04F79EFBC}") = "Prj_Capa_Entidad", "Prj_Capa_Entidad\Prj_Capa_Entidad.csproj", "{26BEF14A-FCC4-494E-86B2-D1B5CC01251B}"
EndProject
Project("{FAE04EC0-301F-11D3-BF4B-00C04F79EFBC}") = "Prj_Capa_Negocio", "Prj_Capa_Negocio\Prj_Capa_Negocio.csproj", "{B1E0C47A-C885-4CA8-BBA5-E0C999E9C542}"
EndProject
Global
	GlobalSection(SolutionConfigurationPlatforms) = preSolution
		Debug|Any CPU = Debug|Any CPU
		Release|Any CPU = Release|Any CPU
	EndGlobalSection
	GlobalSection(ProjectConfigurationPlatforms) = postSolution
		{41485065-5DE1-4E76-B24A-96B4AF66F8B2}.Debug|Any CPU.ActiveCfg = Debug|Any CPU
		{41485065-5DE1-4E76-B24A-96B4AF66F8B2}.Debug|Any CPU.Build.0 = Debug|Any CPU
		{41485065-5DE1-4E76-B24A-96B4AF66F8B2}.Release|Any CPU.ActiveCfg = Release|Any CPU
		{41485065-5DE1-4E76-B24A-96B4AF66F8B2}.Release|Any CPU.Build.0 = Release|Any CPU
		{D6BBCA5A-BF48-405F-BC0E-CD93EC2E4768}.Debug|Any CPU.ActiveCfg = Debug|Any CPU
		{D6BBCA5A-BF48-405F-BC0E-CD93EC2E4768}.Debug|Any CPU.Build.0 = Debug|Any CPU
		{D6BBCA5A-BF48-405F-BC0E-CD93EC2E4768}.Release|Any CPU.ActiveCfg = Release|Any CPU
		{D6BBCA5A-BF48-405F-BC0E-CD93EC2E4768}.Release|Any CPU.Build.0 = Release|Any CPU
		{26BEF14A-FCC4-494E-86B2-D1B5CC01251B}.Debug|Any CPU.ActiveCfg = Debug|Any CPU
		{26BEF14A-FCC4-494E-86B2-D1B5CC01251B}.Debug|Any CPU.Build.0 = Debug|Any CPU
		{26BEF14A-FCC4-494E-86B2-D1B5CC01251B}.Release|Any CPU.ActiveCfg = Release|Any CPU
		{26BEF14A-FCC4-494E-86B2-D1B5CC01251B}.Release|Any CPU.Build.0 = Release|Any CPU
		{B1E0C47A-C885-4CA8-BBA5-E0C999E9C542}.Debug|Any CPU.ActiveCfg = Debug|Any CPU
		{B1E0C47A-C885-4CA8-BBA5-E0C999E9C542}.Debug|Any CPU.Build.0 = Debug|Any CPU
		{B1E0C47A-C885-4CA8-BBA5-E0C999E9C542}.Release|Any CPU.ActiveCfg = Release|Any CPU
		{B1E0C47A-C885-4CA8-BBA5-E0C999E9C542}.Release|Any CPU.Build.0 = Release|Any CPU
	EndGlobalSection
	GlobalSection(SolutionProperties) = preSolution
		HideSolutionNode = FALSE
	EndGlobalSection
	GlobalSection(ExtensibilityGlobals) = postSolution
		SolutionGuid = {42730B14-4B04-4E4A-9C74-D9D4E11D3269}
	EndGlobalSection
EndGlobal
